
Microsoft Visual Studio Solution File, Format Version 12.00
# Visual Studio Version 16
VisualStudioVersion = 16.0.30309.148
MinimumVisualStudioVersion = 10.0.40219.1
Project("{9A19103F-16F7-4668-BE54-9A1E7A4F7556}") = "Genesys.Azure.WebJobs.Extensions", "src\Genesys.Azure.WebJobs.Extensions\Genesys.Azure.WebJobs.Extensions.csproj", "{0DA50EBD-8D71-4A7B-BDFC-72415A1DE684}"
EndProject
Project("{9A19103F-16F7-4668-BE54-9A1E7A4F7556}") = "Genesys.Azure.WebJobs.Extensions.Tests", "src\Genesys.Azure.WebJobs.Extensions.Tests\Genesys.Azure.WebJobs.Extensions.Tests.csproj", "{4E5DBE6A-FE71-418F-81D9-5E527769500C}"
EndProject
Project("{2150E333-8FDC-42A3-9474-1A3956D46DE8}") = "Sample", "Sample", "{94777F05-0CD5-432B-A7C6-0C4C8B3078C8}"
EndProject
Project("{9A19103F-16F7-4668-BE54-9A1E7A4F7556}") = "SampleFunctionApp", "sample\SampleFunctionApp\SampleFunctionApp.csproj", "{1FEDEAA2-F016-4FF4-9EBB-E1FB98613118}"
EndProject
Project("{FAE04EC0-301F-11D3-BF4B-00C04F79EFBC}") = "FunctionAppProjReference", "FunctionAppProjReference\FunctionAppProjReference.csproj", "{0B375481-CE5C-4A45-93C0-C606C89B0D56}"
EndProject
Global
	GlobalSection(SolutionConfigurationPlatforms) = preSolution
		Debug|Any CPU = Debug|Any CPU
		Release|Any CPU = Release|Any CPU
	EndGlobalSection
	GlobalSection(ProjectConfigurationPlatforms) = postSolution
		{0DA50EBD-8D71-4A7B-BDFC-72415A1DE684}.Debug|Any CPU.ActiveCfg = Debug|Any CPU
		{0DA50EBD-8D71-4A7B-BDFC-72415A1DE684}.Debug|Any CPU.Build.0 = Debug|Any CPU
		{0DA50EBD-8D71-4A7B-BDFC-72415A1DE684}.Release|Any CPU.ActiveCfg = Release|Any CPU
		{0DA50EBD-8D71-4A7B-BDFC-72415A1DE684}.Release|Any CPU.Build.0 = Release|Any CPU
		{4E5DBE6A-FE71-418F-81D9-5E527769500C}.Debug|Any CPU.ActiveCfg = Debug|Any CPU
		{4E5DBE6A-FE71-418F-81D9-5E527769500C}.Debug|Any CPU.Build.0 = Debug|Any CPU
		{4E5DBE6A-FE71-418F-81D9-5E527769500C}.Release|Any CPU.ActiveCfg = Release|Any CPU
		{4E5DBE6A-FE71-418F-81D9-5E527769500C}.Release|Any CPU.Build.0 = Release|Any CPU
		{1FEDEAA2-F016-4FF4-9EBB-E1FB98613118}.Debug|Any CPU.ActiveCfg = Debug|Any CPU
		{1FEDEAA2-F016-4FF4-9EBB-E1FB98613118}.Debug|Any CPU.Build.0 = Debug|Any CPU
		{1FEDEAA2-F016-4FF4-9EBB-E1FB98613118}.Release|Any CPU.ActiveCfg = Release|Any CPU
		{1FEDEAA2-F016-4FF4-9EBB-E1FB98613118}.Release|Any CPU.Build.0 = Release|Any CPU
		{0B375481-CE5C-4A45-93C0-C606C89B0D56}.Debug|Any CPU.ActiveCfg = Debug|Any CPU
		{0B375481-CE5C-4A45-93C0-C606C89B0D56}.Debug|Any CPU.Build.0 = Debug|Any CPU
		{0B375481-CE5C-4A45-93C0-C606C89B0D56}.Release|Any CPU.ActiveCfg = Release|Any CPU
		{0B375481-CE5C-4A45-93C0-C606C89B0D56}.Release|Any CPU.Build.0 = Release|Any CPU
	EndGlobalSection
	GlobalSection(SolutionProperties) = preSolution
		HideSolutionNode = FALSE
	EndGlobalSection
	GlobalSection(NestedProjects) = preSolution
		{1FEDEAA2-F016-4FF4-9EBB-E1FB98613118} = {94777F05-0CD5-432B-A7C6-0C4C8B3078C8}
		{0B375481-CE5C-4A45-93C0-C606C89B0D56} = {94777F05-0CD5-432B-A7C6-0C4C8B3078C8}
	EndGlobalSection
	GlobalSection(ExtensibilityGlobals) = postSolution
		SolutionGuid = {A820EF29-60B9-42DB-A701-A6A30F5BA0CB}
	EndGlobalSection
EndGlobal
